// !$*UTF8*$!
{
	archiveVersion = 1;
	classes = {
	};
	objectVersion = 55;
	objects = {

/* Begin PBXBuildFile section */
		31C1E72728B35FE5004B0731 /* TwitterSwiftUIApp.swift in Sources */ = {isa = PBXBuildFile; fileRef = 31C1E72628B35FE5004B0731 /* TwitterSwiftUIApp.swift */; };
		31C1E72928B35FE5004B0731 /* ContentView.swift in Sources */ = {isa = PBXBuildFile; fileRef = 31C1E72828B35FE5004B0731 /* ContentView.swift */; };
		31C1E72B28B35FE7004B0731 /* Assets.xcassets in Resources */ = {isa = PBXBuildFile; fileRef = 31C1E72A28B35FE7004B0731 /* Assets.xcassets */; };
		31C1E72E28B35FE7004B0731 /* Preview Assets.xcassets in Resources */ = {isa = PBXBuildFile; fileRef = 31C1E72D28B35FE7004B0731 /* Preview Assets.xcassets */; };
		31C1E74028B36180004B0731 /* FeedView.swift in Sources */ = {isa = PBXBuildFile; fileRef = 31C1E73F28B36180004B0731 /* FeedView.swift */; };
		31C1E74328B36661004B0731 /* TweetRowView.swift in Sources */ = {isa = PBXBuildFile; fileRef = 31C1E74228B36661004B0731 /* TweetRowView.swift */; };
		31C1E74628B39693004B0731 /* MainTabView.swift in Sources */ = {isa = PBXBuildFile; fileRef = 31C1E74528B39693004B0731 /* MainTabView.swift */; };
		31C1E74E28B3986A004B0731 /* ExploreView.swift in Sources */ = {isa = PBXBuildFile; fileRef = 31C1E74D28B3986A004B0731 /* ExploreView.swift */; };
		31C1E75028B39B82004B0731 /* NotificationsView.swift in Sources */ = {isa = PBXBuildFile; fileRef = 31C1E74F28B39B82004B0731 /* NotificationsView.swift */; };
		31C1E75228B39BAE004B0731 /* MessagesView.swift in Sources */ = {isa = PBXBuildFile; fileRef = 31C1E75128B39BAE004B0731 /* MessagesView.swift */; };
		31C1E75828B39CB5004B0731 /* ProfileView.swift in Sources */ = {isa = PBXBuildFile; fileRef = 31C1E75728B39CB5004B0731 /* ProfileView.swift */; };
		31C1E75A28B4B256004B0731 /* TweetFilterViewModal.swift in Sources */ = {isa = PBXBuildFile; fileRef = 31C1E75928B4B256004B0731 /* TweetFilterViewModal.swift */; };
		31C1E75F28B4E1E0004B0731 /* UserRowView.swift in Sources */ = {isa = PBXBuildFile; fileRef = 31C1E75E28B4E1E0004B0731 /* UserRowView.swift */; };
		31F8451D28B4E4A300EF29F7 /* SideMenuView.swift in Sources */ = {isa = PBXBuildFile; fileRef = 31F8451C28B4E4A300EF29F7 /* SideMenuView.swift */; };
		31F8452028B4E4BB00EF29F7 /* SideMenuRowView.swift in Sources */ = {isa = PBXBuildFile; fileRef = 31F8451F28B4E4BB00EF29F7 /* SideMenuRowView.swift */; };
		31F8452228B4E50200EF29F7 /* SideMenuViewModel.swift in Sources */ = {isa = PBXBuildFile; fileRef = 31F8452128B4E50200EF29F7 /* SideMenuViewModel.swift */; };
		31F8452428B4EAA600EF29F7 /* UserStatsView.swift in Sources */ = {isa = PBXBuildFile; fileRef = 31F8452328B4EAA600EF29F7 /* UserStatsView.swift */; };
/* End PBXBuildFile section */

/* Begin PBXFileReference section */
		31C1E72328B35FE5004B0731 /* TwitterSwiftUI.app */ = {isa = PBXFileReference; explicitFileType = wrapper.application; includeInIndex = 0; path = TwitterSwiftUI.app; sourceTree = BUILT_PRODUCTS_DIR; };
		31C1E72628B35FE5004B0731 /* TwitterSwiftUIApp.swift */ = {isa = PBXFileReference; lastKnownFileType = sourcecode.swift; path = TwitterSwiftUIApp.swift; sourceTree = "<group>"; };
		31C1E72828B35FE5004B0731 /* ContentView.swift */ = {isa = PBXFileReference; lastKnownFileType = sourcecode.swift; path = ContentView.swift; sourceTree = "<group>"; };
		31C1E72A28B35FE7004B0731 /* Assets.xcassets */ = {isa = PBXFileReference; lastKnownFileType = folder.assetcatalog; path = Assets.xcassets; sourceTree = "<group>"; };
		31C1E72D28B35FE7004B0731 /* Preview Assets.xcassets */ = {isa = PBXFileReference; lastKnownFileType = folder.assetcatalog; path = "Preview Assets.xcassets"; sourceTree = "<group>"; };
		31C1E73F28B36180004B0731 /* FeedView.swift */ = {isa = PBXFileReference; lastKnownFileType = sourcecode.swift; path = FeedView.swift; sourceTree = "<group>"; };
		31C1E74228B36661004B0731 /* TweetRowView.swift */ = {isa = PBXFileReference; lastKnownFileType = sourcecode.swift; path = TweetRowView.swift; sourceTree = "<group>"; };
		31C1E74528B39693004B0731 /* MainTabView.swift */ = {isa = PBXFileReference; lastKnownFileType = sourcecode.swift; path = MainTabView.swift; sourceTree = "<group>"; };
		31C1E74D28B3986A004B0731 /* ExploreView.swift */ = {isa = PBXFileReference; lastKnownFileType = sourcecode.swift; path = ExploreView.swift; sourceTree = "<group>"; };
		31C1E74F28B39B82004B0731 /* NotificationsView.swift */ = {isa = PBXFileReference; lastKnownFileType = sourcecode.swift; path = NotificationsView.swift; sourceTree = "<group>"; };
		31C1E75128B39BAE004B0731 /* MessagesView.swift */ = {isa = PBXFileReference; lastKnownFileType = sourcecode.swift; path = MessagesView.swift; sourceTree = "<group>"; };
		31C1E75728B39CB5004B0731 /* ProfileView.swift */ = {isa = PBXFileReference; lastKnownFileType = sourcecode.swift; path = ProfileView.swift; sourceTree = "<group>"; };
		31C1E75928B4B256004B0731 /* TweetFilterViewModal.swift */ = {isa = PBXFileReference; lastKnownFileType = sourcecode.swift; path = TweetFilterViewModal.swift; sourceTree = "<group>"; };
		31C1E75E28B4E1E0004B0731 /* UserRowView.swift */ = {isa = PBXFileReference; lastKnownFileType = sourcecode.swift; path = UserRowView.swift; sourceTree = "<group>"; };
		31F8451C28B4E4A300EF29F7 /* SideMenuView.swift */ = {isa = PBXFileReference; lastKnownFileType = sourcecode.swift; path = SideMenuView.swift; sourceTree = "<group>"; };
		31F8451F28B4E4BB00EF29F7 /* SideMenuRowView.swift */ = {isa = PBXFileReference; lastKnownFileType = sourcecode.swift; path = SideMenuRowView.swift; sourceTree = "<group>"; };
		31F8452128B4E50200EF29F7 /* SideMenuViewModel.swift */ = {isa = PBXFileReference; lastKnownFileType = sourcecode.swift; path = SideMenuViewModel.swift; sourceTree = "<group>"; };
		31F8452328B4EAA600EF29F7 /* UserStatsView.swift */ = {isa = PBXFileReference; lastKnownFileType = sourcecode.swift; path = UserStatsView.swift; sourceTree = "<group>"; };
/* End PBXFileReference section */

/* Begin PBXFrameworksBuildPhase section */
		31C1E72028B35FE5004B0731 /* Frameworks */ = {
			isa = PBXFrameworksBuildPhase;
			buildActionMask = 2147483647;
			files = (
			);
			runOnlyForDeploymentPostprocessing = 0;
		};
/* End PBXFrameworksBuildPhase section */

/* Begin PBXGroup section */
		31C1E71A28B35FE5004B0731 = {
			isa = PBXGroup;
			children = (
				31C1E72528B35FE5004B0731 /* TwitterSwiftUI */,
				31C1E72428B35FE5004B0731 /* Products */,
			);
			sourceTree = "<group>";
		};
		31C1E72428B35FE5004B0731 /* Products */ = {
			isa = PBXGroup;
			children = (
				31C1E72328B35FE5004B0731 /* TwitterSwiftUI.app */,
			);
			name = Products;
			sourceTree = "<group>";
		};
		31C1E72528B35FE5004B0731 /* TwitterSwiftUI */ = {
			isa = PBXGroup;
			children = (
				31C1E73A28B360D4004B0731 /* Extensions */,
				31C1E73928B360D1004B0731 /* Modal */,
				31C1E73828B360CF004B0731 /* Service */,
				31C1E73428B360B9004B0731 /* Core */,
				31C1E72628B35FE5004B0731 /* TwitterSwiftUIApp.swift */,
				31C1E72828B35FE5004B0731 /* ContentView.swift */,
				31C1E72A28B35FE7004B0731 /* Assets.xcassets */,
				31C1E72C28B35FE7004B0731 /* Preview Content */,
			);
			path = TwitterSwiftUI;
			sourceTree = "<group>";
		};
		31C1E72C28B35FE7004B0731 /* Preview Content */ = {
			isa = PBXGroup;
			children = (
				31C1E72D28B35FE7004B0731 /* Preview Assets.xcassets */,
			);
			path = "Preview Content";
			sourceTree = "<group>";
		};
		31C1E73428B360B9004B0731 /* Core */ = {
			isa = PBXGroup;
			children = (
				31C1E73B28B36102004B0731 /* Components */,
				31F8451928B4E48000EF29F7 /* SideMenu */,
				31C1E74C28B39811004B0731 /* Profile */,
				31C1E74B28B397F5004B0731 /* Explore */,
				31C1E74A28B397F3004B0731 /* Notifications */,
				31C1E74728B397ED004B0731 /* Messages */,
				31C1E74428B39681004B0731 /* MainTab */,
				31C1E73C28B36109004B0731 /* Feed */,
			);
			path = Core;
			sourceTree = "<group>";
		};
		31C1E73828B360CF004B0731 /* Service */ = {
			isa = PBXGroup;
			children = (
			);
			path = Service;
			sourceTree = "<group>";
		};
		31C1E73928B360D1004B0731 /* Modal */ = {
			isa = PBXGroup;
			children = (
			);
			path = Modal;
			sourceTree = "<group>";
		};
		31C1E73A28B360D4004B0731 /* Extensions */ = {
			isa = PBXGroup;
			children = (
			);
			path = Extensions;
			sourceTree = "<group>";
		};
		31C1E73B28B36102004B0731 /* Components */ = {
			isa = PBXGroup;
			children = (
				31C1E75D28B4E1CC004B0731 /* Users */,
				31C1E74128B36636004B0731 /* Tweets */,
			);
			path = Components;
			sourceTree = "<group>";
		};
		31C1E73C28B36109004B0731 /* Feed */ = {
			isa = PBXGroup;
			children = (
				31C1E73E28B36165004B0731 /* View */,
				31C1E73D28B3615D004B0731 /* ViewModels */,
			);
			path = Feed;
			sourceTree = "<group>";
		};
		31C1E73D28B3615D004B0731 /* ViewModels */ = {
			isa = PBXGroup;
			children = (
			);
			path = ViewModels;
			sourceTree = "<group>";
		};
		31C1E73E28B36165004B0731 /* View */ = {
			isa = PBXGroup;
			children = (
				31C1E73F28B36180004B0731 /* FeedView.swift */,
			);
			path = View;
			sourceTree = "<group>";
		};
		31C1E74128B36636004B0731 /* Tweets */ = {
			isa = PBXGroup;
			children = (
				31C1E74228B36661004B0731 /* TweetRowView.swift */,
			);
			path = Tweets;
			sourceTree = "<group>";
		};
		31C1E74428B39681004B0731 /* MainTab */ = {
			isa = PBXGroup;
			children = (
				31C1E74528B39693004B0731 /* MainTabView.swift */,
			);
			path = MainTab;
			sourceTree = "<group>";
		};
		31C1E74728B397ED004B0731 /* Messages */ = {
			isa = PBXGroup;
			children = (
				31C1E75128B39BAE004B0731 /* MessagesView.swift */,
			);
			path = Messages;
			sourceTree = "<group>";
		};
		31C1E74A28B397F3004B0731 /* Notifications */ = {
			isa = PBXGroup;
			children = (
				31C1E74F28B39B82004B0731 /* NotificationsView.swift */,
			);
			path = Notifications;
			sourceTree = "<group>";
		};
		31C1E74B28B397F5004B0731 /* Explore */ = {
			isa = PBXGroup;
			children = (
				31C1E75C28B4E18F004B0731 /* ViewModals */,
				31C1E75B28B4E189004B0731 /* Views */,
			);
			path = Explore;
			sourceTree = "<group>";
		};
		31C1E74C28B39811004B0731 /* Profile */ = {
			isa = PBXGroup;
			children = (
				31C1E75328B39C71004B0731 /* ViewModals */,
				31C1E75428B39C7B004B0731 /* Views */,
			);
			path = Profile;
			sourceTree = "<group>";
		};
		31C1E75328B39C71004B0731 /* ViewModals */ = {
			isa = PBXGroup;
			children = (
				31C1E75928B4B256004B0731 /* TweetFilterViewModal.swift */,
			);
			path = ViewModals;
			sourceTree = "<group>";
		};
		31C1E75428B39C7B004B0731 /* Views */ = {
			isa = PBXGroup;
			children = (
				31C1E75728B39CB5004B0731 /* ProfileView.swift */,
			);
			name = Views;
			path = "Vİews";
			sourceTree = "<group>";
		};
		31C1E75B28B4E189004B0731 /* Views */ = {
			isa = PBXGroup;
			children = (
				31C1E74D28B3986A004B0731 /* ExploreView.swift */,
			);
			path = Views;
			sourceTree = "<group>";
		};
		31C1E75C28B4E18F004B0731 /* ViewModals */ = {
			isa = PBXGroup;
			children = (
			);
			path = ViewModals;
			sourceTree = "<group>";
		};
		31C1E75D28B4E1CC004B0731 /* Users */ = {
			isa = PBXGroup;
			children = (
				31C1E75E28B4E1E0004B0731 /* UserRowView.swift */,
				31F8452328B4EAA600EF29F7 /* UserStatsView.swift */,
			);
			path = Users;
			sourceTree = "<group>";
		};
		31F8451928B4E48000EF29F7 /* SideMenu */ = {
			isa = PBXGroup;
			children = (
				31F8451B28B4E49600EF29F7 /* Views */,
				31F8451A28B4E48A00EF29F7 /* ViewModel */,
			);
			path = SideMenu;
			sourceTree = "<group>";
		};
		31F8451A28B4E48A00EF29F7 /* ViewModel */ = {
			isa = PBXGroup;
			children = (
				31F8452128B4E50200EF29F7 /* SideMenuViewModel.swift */,
			);
			path = ViewModel;
			sourceTree = "<group>";
		};
		31F8451B28B4E49600EF29F7 /* Views */ = {
			isa = PBXGroup;
			children = (
				31F8451C28B4E4A300EF29F7 /* SideMenuView.swift */,
				31F8451F28B4E4BB00EF29F7 /* SideMenuRowView.swift */,
			);
			path = Views;
			sourceTree = "<group>";
		};
/* End PBXGroup section */

/* Begin PBXNativeTarget section */
		31C1E72228B35FE5004B0731 /* TwitterSwiftUI */ = {
			isa = PBXNativeTarget;
			buildConfigurationList = 31C1E73128B35FE7004B0731 /* Build configuration list for PBXNativeTarget "TwitterSwiftUI" */;
			buildPhases = (
				31C1E71F28B35FE5004B0731 /* Sources */,
				31C1E72028B35FE5004B0731 /* Frameworks */,
				31C1E72128B35FE5004B0731 /* Resources */,
			);
			buildRules = (
			);
			dependencies = (
			);
			name = TwitterSwiftUI;
			productName = TwitterSwiftUI;
			productReference = 31C1E72328B35FE5004B0731 /* TwitterSwiftUI.app */;
			productType = "com.apple.product-type.application";
		};
/* End PBXNativeTarget section */

/* Begin PBXProject section */
		31C1E71B28B35FE5004B0731 /* Project object */ = {
			isa = PBXProject;
			attributes = {
				BuildIndependentTargetsInParallel = 1;
				LastSwiftUpdateCheck = 1340;
				LastUpgradeCheck = 1340;
				TargetAttributes = {
					31C1E72228B35FE5004B0731 = {
						CreatedOnToolsVersion = 13.4.1;
					};
				};
			};
			buildConfigurationList = 31C1E71E28B35FE5004B0731 /* Build configuration list for PBXProject "TwitterSwiftUI" */;
			compatibilityVersion = "Xcode 13.0";
			developmentRegion = en;
			hasScannedForEncodings = 0;
			knownRegions = (
				en,
				Base,
			);
			mainGroup = 31C1E71A28B35FE5004B0731;
			productRefGroup = 31C1E72428B35FE5004B0731 /* Products */;
			projectDirPath = "";
			projectRoot = "";
			targets = (
				31C1E72228B35FE5004B0731 /* TwitterSwiftUI */,
			);
		};
/* End PBXProject section */

/* Begin PBXResourcesBuildPhase section */
		31C1E72128B35FE5004B0731 /* Resources */ = {
			isa = PBXResourcesBuildPhase;
			buildActionMask = 2147483647;
			files = (
				31C1E72E28B35FE7004B0731 /* Preview Assets.xcassets in Resources */,
				31C1E72B28B35FE7004B0731 /* Assets.xcassets in Resources */,
			);
			runOnlyForDeploymentPostprocessing = 0;
		};
/* End PBXResourcesBuildPhase section */

/* Begin PBXSourcesBuildPhase section */
		31C1E71F28B35FE5004B0731 /* Sources */ = {
			isa = PBXSourcesBuildPhase;
			buildActionMask = 2147483647;
			files = (
				31C1E75228B39BAE004B0731 /* MessagesView.swift in Sources */,
				31C1E75828B39CB5004B0731 /* ProfileView.swift in Sources */,
				31C1E72928B35FE5004B0731 /* ContentView.swift in Sources */,
				31F8452028B4E4BB00EF29F7 /* SideMenuRowView.swift in Sources */,
				31C1E74328B36661004B0731 /* TweetRowView.swift in Sources */,
				31C1E74028B36180004B0731 /* FeedView.swift in Sources */,
				31C1E72728B35FE5004B0731 /* TwitterSwiftUIApp.swift in Sources */,
				31F8451D28B4E4A300EF29F7 /* SideMenuView.swift in Sources */,
				31F8452228B4E50200EF29F7 /* SideMenuViewModel.swift in Sources */,
				31C1E74E28B3986A004B0731 /* ExploreView.swift in Sources */,
				31C1E74628B39693004B0731 /* MainTabView.swift in Sources */,
				31C1E75F28B4E1E0004B0731 /* UserRowView.swift in Sources */,
				31C1E75A28B4B256004B0731 /* TweetFilterViewModal.swift in Sources */,
				31C1E75028B39B82004B0731 /* NotificationsView.swift in Sources */,
				31F8452428B4EAA600EF29F7 /* UserStatsView.swift in Sources */,
			);
			runOnlyForDeploymentPostprocessing = 0;
		};
/* End PBXSourcesBuildPhase section */

/* Begin XCBuildConfiguration section */
		31C1E72F28B35FE7004B0731 /* Debug */ = {
			isa = XCBuildConfiguration;
			buildSettings = {
				ALWAYS_SEARCH_USER_PATHS = NO;
				CLANG_ANALYZER_NONNULL = YES;
				CLANG_ANALYZER_NUMBER_OBJECT_CONVERSION = YES_AGGRESSIVE;
				CLANG_CXX_LANGUAGE_STANDARD = "gnu++17";
				CLANG_ENABLE_MODULES = YES;
				CLANG_ENABLE_OBJC_ARC = YES;
				CLANG_ENABLE_OBJC_WEAK = YES;
				CLANG_WARN_BLOCK_CAPTURE_AUTORELEASING = YES;
				CLANG_WARN_BOOL_CONVERSION = YES;
				CLANG_WARN_COMMA = YES;
				CLANG_WARN_CONSTANT_CONVERSION = YES;
				CLANG_WARN_DEPRECATED_OBJC_IMPLEMENTATIONS = YES;
				CLANG_WARN_DIRECT_OBJC_ISA_USAGE = YES_ERROR;
				CLANG_WARN_DOCUMENTATION_COMMENTS = YES;
				CLANG_WARN_EMPTY_BODY = YES;
				CLANG_WARN_ENUM_CONVERSION = YES;
				CLANG_WARN_INFINITE_RECURSION = YES;
				CLANG_WARN_INT_CONVERSION = YES;
				CLANG_WARN_NON_LITERAL_NULL_CONVERSION = YES;
				CLANG_WARN_OBJC_IMPLICIT_RETAIN_SELF = YES;
				CLANG_WARN_OBJC_LITERAL_CONVERSION = YES;
				CLANG_WARN_OBJC_ROOT_CLASS = YES_ERROR;
				CLANG_WARN_QUOTED_INCLUDE_IN_FRAMEWORK_HEADER = YES;
				CLANG_WARN_RANGE_LOOP_ANALYSIS = YES;
				CLANG_WARN_STRICT_PROTOTYPES = YES;
				CLANG_WARN_SUSPICIOUS_MOVE = YES;
				CLANG_WARN_UNGUARDED_AVAILABILITY = YES_AGGRESSIVE;
				CLANG_WARN_UNREACHABLE_CODE = YES;
				CLANG_WARN__DUPLICATE_METHOD_MATCH = YES;
				COPY_PHASE_STRIP = NO;
				DEBUG_INFORMATION_FORMAT = dwarf;
				ENABLE_STRICT_OBJC_MSGSEND = YES;
				ENABLE_TESTABILITY = YES;
				GCC_C_LANGUAGE_STANDARD = gnu11;
				GCC_DYNAMIC_NO_PIC = NO;
				GCC_NO_COMMON_BLOCKS = YES;
				GCC_OPTIMIZATION_LEVEL = 0;
				GCC_PREPROCESSOR_DEFINITIONS = (
					"DEBUG=1",
					"$(inherited)",
				);
				GCC_WARN_64_TO_32_BIT_CONVERSION = YES;
				GCC_WARN_ABOUT_RETURN_TYPE = YES_ERROR;
				GCC_WARN_UNDECLARED_SELECTOR = YES;
				GCC_WARN_UNINITIALIZED_AUTOS = YES_AGGRESSIVE;
				GCC_WARN_UNUSED_FUNCTION = YES;
				GCC_WARN_UNUSED_VARIABLE = YES;
				IPHONEOS_DEPLOYMENT_TARGET = 15.5;
				MTL_ENABLE_DEBUG_INFO = INCLUDE_SOURCE;
				MTL_FAST_MATH = YES;
				ONLY_ACTIVE_ARCH = YES;
				SDKROOT = iphoneos;
				SWIFT_ACTIVE_COMPILATION_CONDITIONS = DEBUG;
				SWIFT_OPTIMIZATION_LEVEL = "-Onone";
			};
			name = Debug;
		};
		31C1E73028B35FE7004B0731 /* Release */ = {
			isa = XCBuildConfiguration;
			buildSettings = {
				ALWAYS_SEARCH_USER_PATHS = NO;
				CLANG_ANALYZER_NONNULL = YES;
				CLANG_ANALYZER_NUMBER_OBJECT_CONVERSION = YES_AGGRESSIVE;
				CLANG_CXX_LANGUAGE_STANDARD = "gnu++17";
				CLANG_ENABLE_MODULES = YES;
				CLANG_ENABLE_OBJC_ARC = YES;
				CLANG_ENABLE_OBJC_WEAK = YES;
				CLANG_WARN_BLOCK_CAPTURE_AUTORELEASING = YES;
				CLANG_WARN_BOOL_CONVERSION = YES;
				CLANG_WARN_COMMA = YES;
				CLANG_WARN_CONSTANT_CONVERSION = YES;
				CLANG_WARN_DEPRECATED_OBJC_IMPLEMENTATIONS = YES;
				CLANG_WARN_DIRECT_OBJC_ISA_USAGE = YES_ERROR;
				CLANG_WARN_DOCUMENTATION_COMMENTS = YES;
				CLANG_WARN_EMPTY_BODY = YES;
				CLANG_WARN_ENUM_CONVERSION = YES;
				CLANG_WARN_INFINITE_RECURSION = YES;
				CLANG_WARN_INT_CONVERSION = YES;
				CLANG_WARN_NON_LITERAL_NULL_CONVERSION = YES;
				CLANG_WARN_OBJC_IMPLICIT_RETAIN_SELF = YES;
				CLANG_WARN_OBJC_LITERAL_CONVERSION = YES;
				CLANG_WARN_OBJC_ROOT_CLASS = YES_ERROR;
				CLANG_WARN_QUOTED_INCLUDE_IN_FRAMEWORK_HEADER = YES;
				CLANG_WARN_RANGE_LOOP_ANALYSIS = YES;
				CLANG_WARN_STRICT_PROTOTYPES = YES;
				CLANG_WARN_SUSPICIOUS_MOVE = YES;
				CLANG_WARN_UNGUARDED_AVAILABILITY = YES_AGGRESSIVE;
				CLANG_WARN_UNREACHABLE_CODE = YES;
				CLANG_WARN__DUPLICATE_METHOD_MATCH = YES;
				COPY_PHASE_STRIP = NO;
				DEBUG_INFORMATION_FORMAT = "dwarf-with-dsym";
				ENABLE_NS_ASSERTIONS = NO;
				ENABLE_STRICT_OBJC_MSGSEND = YES;
				GCC_C_LANGUAGE_STANDARD = gnu11;
				GCC_NO_COMMON_BLOCKS = YES;
				GCC_WARN_64_TO_32_BIT_CONVERSION = YES;
				GCC_WARN_ABOUT_RETURN_TYPE = YES_ERROR;
				GCC_WARN_UNDECLARED_SELECTOR = YES;
				GCC_WARN_UNINITIALIZED_AUTOS = YES_AGGRESSIVE;
				GCC_WARN_UNUSED_FUNCTION = YES;
				GCC_WARN_UNUSED_VARIABLE = YES;
				IPHONEOS_DEPLOYMENT_TARGET = 15.5;
				MTL_ENABLE_DEBUG_INFO = NO;
				MTL_FAST_MATH = YES;
				SDKROOT = iphoneos;
				SWIFT_COMPILATION_MODE = wholemodule;
				SWIFT_OPTIMIZATION_LEVEL = "-O";
				VALIDATE_PRODUCT = YES;
			};
			name = Release;
		};
		31C1E73228B35FE7004B0731 /* Debug */ = {
			isa = XCBuildConfiguration;
			buildSettings = {
				ASSETCATALOG_COMPILER_APPICON_NAME = AppIcon;
				ASSETCATALOG_COMPILER_GLOBAL_ACCENT_COLOR_NAME = AccentColor;
				CODE_SIGN_STYLE = Automatic;
				CURRENT_PROJECT_VERSION = 1;
				DEVELOPMENT_ASSET_PATHS = "\"TwitterSwiftUI/Preview Content\"";
				DEVELOPMENT_TEAM = JGJQ2P3FEN;
				ENABLE_PREVIEWS = YES;
				GENERATE_INFOPLIST_FILE = YES;
				INFOPLIST_KEY_UIApplicationSceneManifest_Generation = YES;
				INFOPLIST_KEY_UIApplicationSupportsIndirectInputEvents = YES;
				INFOPLIST_KEY_UILaunchScreen_Generation = YES;
				INFOPLIST_KEY_UISupportedInterfaceOrientations_iPad = "UIInterfaceOrientationPortrait UIInterfaceOrientationPortraitUpsideDown UIInterfaceOrientationLandscapeLeft UIInterfaceOrientationLandscapeRight";
				INFOPLIST_KEY_UISupportedInterfaceOrientations_iPhone = "UIInterfaceOrientationPortrait UIInterfaceOrientationLandscapeLeft UIInterfaceOrientationLandscapeRight";
				LD_RUNPATH_SEARCH_PATHS = (
					"$(inherited)",
					"@executable_path/Frameworks",
				);
				MARKETING_VERSION = 1.0;
				PRODUCT_BUNDLE_IDENTIFIER = com.buraksahinerden.TwitterSwiftUI;
				PRODUCT_NAME = "$(TARGET_NAME)";
				SWIFT_EMIT_LOC_STRINGS = YES;
				SWIFT_VERSION = 5.0;
				TARGETED_DEVICE_FAMILY = "1,2";
			};
			name = Debug;
		};
		31C1E73328B35FE7004B0731 /* Release */ = {
			isa = XCBuildConfiguration;
			buildSettings = {
				ASSETCATALOG_COMPILER_APPICON_NAME = AppIcon;
				ASSETCATALOG_COMPILER_GLOBAL_ACCENT_COLOR_NAME = AccentColor;
				CODE_SIGN_STYLE = Automatic;
				CURRENT_PROJECT_VERSION = 1;
				DEVELOPMENT_ASSET_PATHS = "\"TwitterSwiftUI/Preview Content\"";
				DEVELOPMENT_TEAM = JGJQ2P3FEN;
				ENABLE_PREVIEWS = YES;
				GENERATE_INFOPLIST_FILE = YES;
				INFOPLIST_KEY_UIApplicationSceneManifest_Generation = YES;
				INFOPLIST_KEY_UIApplicationSupportsIndirectInputEvents = YES;
				INFOPLIST_KEY_UILaunchScreen_Generation = YES;
				INFOPLIST_KEY_UISupportedInterfaceOrientations_iPad = "UIInterfaceOrientationPortrait UIInterfaceOrientationPortraitUpsideDown UIInterfaceOrientationLandscapeLeft UIInterfaceOrientationLandscapeRight";
				INFOPLIST_KEY_UISupportedInterfaceOrientations_iPhone = "UIInterfaceOrientationPortrait UIInterfaceOrientationLandscapeLeft UIInterfaceOrientationLandscapeRight";
				LD_RUNPATH_SEARCH_PATHS = (
					"$(inherited)",
					"@executable_path/Frameworks",
				);
				MARKETING_VERSION = 1.0;
				PRODUCT_BUNDLE_IDENTIFIER = com.buraksahinerden.TwitterSwiftUI;
				PRODUCT_NAME = "$(TARGET_NAME)";
				SWIFT_EMIT_LOC_STRINGS = YES;
				SWIFT_VERSION = 5.0;
				TARGETED_DEVICE_FAMILY = "1,2";
			};
			name = Release;
		};
/* End XCBuildConfiguration section */

/* Begin XCConfigurationList section */
		31C1E71E28B35FE5004B0731 /* Build configuration list for PBXProject "TwitterSwiftUI" */ = {
			isa = XCConfigurationList;
			buildConfigurations = (
				31C1E72F28B35FE7004B0731 /* Debug */,
				31C1E73028B35FE7004B0731 /* Release */,
			);
			defaultConfigurationIsVisible = 0;
			defaultConfigurationName = Release;
		};
		31C1E73128B35FE7004B0731 /* Build configuration list for PBXNativeTarget "TwitterSwiftUI" */ = {
			isa = XCConfigurationList;
			buildConfigurations = (
				31C1E73228B35FE7004B0731 /* Debug */,
				31C1E73328B35FE7004B0731 /* Release */,
			);
			defaultConfigurationIsVisible = 0;
			defaultConfigurationName = Release;
		};
/* End XCConfigurationList section */
	};
	rootObject = 31C1E71B28B35FE5004B0731 /* Project object */;
}
